
Microsoft Visual Studio Solution File, Format Version 12.00
# Visual Studio Version 16
VisualStudioVersion = 16.0.30114.105
MinimumVisualStudioVersion = 10.0.40219.1
Project("{FAE04EC0-301F-11D3-BF4B-00C04F79EFBC}") = "RestWithAsp-Net5", "RestWithAsp-Net5\RestWithAsp-Net5.csproj", "{BEF5F1B7-92C7-4611-BAEF-9182A28587BB}"
EndProject
Global
	GlobalSection(SolutionConfigurationPlatforms) = preSolution
		Debug|Any CPU = Debug|Any CPU
		Debug|x64 = Debug|x64
		Debug|x86 = Debug|x86
		Release|Any CPU = Release|Any CPU
		Release|x64 = Release|x64
		Release|x86 = Release|x86
	EndGlobalSection
	GlobalSection(SolutionProperties) = preSolution
		HideSolutionNode = FALSE
	EndGlobalSection
	GlobalSection(ProjectConfigurationPlatforms) = postSolution
		{BEF5F1B7-92C7-4611-BAEF-9182A28587BB}.Debug|Any CPU.ActiveCfg = Debug|Any CPU
		{BEF5F1B7-92C7-4611-BAEF-9182A28587BB}.Debug|Any CPU.Build.0 = Debug|Any CPU
		{BEF5F1B7-92C7-4611-BAEF-9182A28587BB}.Debug|x64.ActiveCfg = Debug|Any CPU
		{BEF5F1B7-92C7-4611-BAEF-9182A28587BB}.Debug|x64.Build.0 = Debug|Any CPU
		{BEF5F1B7-92C7-4611-BAEF-9182A28587BB}.Debug|x86.ActiveCfg = Debug|Any CPU
		{BEF5F1B7-92C7-4611-BAEF-9182A28587BB}.Debug|x86.Build.0 = Debug|Any CPU
		{BEF5F1B7-92C7-4611-BAEF-9182A28587BB}.Release|Any CPU.ActiveCfg = Release|Any CPU
		{BEF5F1B7-92C7-4611-BAEF-9182A28587BB}.Release|Any CPU.Build.0 = Release|Any CPU
		{BEF5F1B7-92C7-4611-BAEF-9182A28587BB}.Release|x64.ActiveCfg = Release|Any CPU
		{BEF5F1B7-92C7-4611-BAEF-9182A28587BB}.Release|x64.Build.0 = Release|Any CPU
		{BEF5F1B7-92C7-4611-BAEF-9182A28587BB}.Release|x86.ActiveCfg = Release|Any CPU
		{BEF5F1B7-92C7-4611-BAEF-9182A28587BB}.Release|x86.Build.0 = Release|Any CPU
	EndGlobalSection
EndGlobal
